
Microsoft Visual Studio Solution File, Format Version 12.00
# Visual Studio Version 17
VisualStudioVersion = 17.8.34330.188
MinimumVisualStudioVersion = 10.0.40219.1
Project("{9A19103F-16F7-4668-BE54-9A1E7A4F7556}") = "i-Freeze", "i-freeze\i-Freeze.csproj", "{B96740DB-CADA-4695-9C3B-C1E86C0AA318}"
EndProject
Project("{9A19103F-16F7-4668-BE54-9A1E7A4F7556}") = "Infrastructure", "Infrastructure\Infrastructure.csproj", "{AA128DEE-D3D0-446D-8F91-7EE3B08DE90B}"
EndProject
Project("{9A19103F-16F7-4668-BE54-9A1E7A4F7556}") = "IceLockWorker", "IFreezeWorker\IceLockWorker.csproj", "{F03B4C06-FC0D-4426-AFAE-7BFD3495F654}"
EndProject
Global
	GlobalSection(SolutionConfigurationPlatforms) = preSolution
		All|Any CPU = All|Any CPU
		All|ARM = All|ARM
		All|ARM64 = All|ARM64
		All|x64 = All|x64
		All|x86 = All|x86
		Debug|Any CPU = Debug|Any CPU
		Debug|ARM = Debug|ARM
		Debug|ARM64 = Debug|ARM64
		Debug|x64 = Debug|x64
		Debug|x86 = Debug|x86
		DefaultBuild|Any CPU = DefaultBuild|Any CPU
		DefaultBuild|ARM = DefaultBuild|ARM
		DefaultBuild|ARM64 = DefaultBuild|ARM64
		DefaultBuild|x64 = DefaultBuild|x64
		DefaultBuild|x86 = DefaultBuild|x86
		Release|Any CPU = Release|Any CPU
		Release|ARM = Release|ARM
		Release|ARM64 = Release|ARM64
		Release|x64 = Release|x64
		Release|x86 = Release|x86
	EndGlobalSection
	GlobalSection(ProjectConfigurationPlatforms) = postSolution
		{B96740DB-CADA-4695-9C3B-C1E86C0AA318}.All|Any CPU.ActiveCfg = Release|Any CPU
		{B96740DB-CADA-4695-9C3B-C1E86C0AA318}.All|Any CPU.Build.0 = Release|Any CPU
		{B96740DB-CADA-4695-9C3B-C1E86C0AA318}.All|ARM.ActiveCfg = Release|Any CPU
		{B96740DB-CADA-4695-9C3B-C1E86C0AA318}.All|ARM.Build.0 = Release|Any CPU
		{B96740DB-CADA-4695-9C3B-C1E86C0AA318}.All|ARM64.ActiveCfg = Release|Any CPU
		{B96740DB-CADA-4695-9C3B-C1E86C0AA318}.All|ARM64.Build.0 = Release|Any CPU
		{B96740DB-CADA-4695-9C3B-C1E86C0AA318}.All|x64.ActiveCfg = Debug|x64
		{B96740DB-CADA-4695-9C3B-C1E86C0AA318}.All|x64.Build.0 = Debug|x64
		{B96740DB-CADA-4695-9C3B-C1E86C0AA318}.All|x86.ActiveCfg = Debug|x86
		{B96740DB-CADA-4695-9C3B-C1E86C0AA318}.All|x86.Build.0 = Debug|x86
		{B96740DB-CADA-4695-9C3B-C1E86C0AA318}.Debug|Any CPU.ActiveCfg = Debug|Any CPU
		{B96740DB-CADA-4695-9C3B-C1E86C0AA318}.Debug|Any CPU.Build.0 = Debug|Any CPU
		{B96740DB-CADA-4695-9C3B-C1E86C0AA318}.Debug|ARM.ActiveCfg = Debug|Any CPU
		{B96740DB-CADA-4695-9C3B-C1E86C0AA318}.Debug|ARM.Build.0 = Debug|Any CPU
		{B96740DB-CADA-4695-9C3B-C1E86C0AA318}.Debug|ARM64.ActiveCfg = Debug|Any CPU
		{B96740DB-CADA-4695-9C3B-C1E86C0AA318}.Debug|ARM64.Build.0 = Debug|Any CPU
		{B96740DB-CADA-4695-9C3B-C1E86C0AA318}.Debug|x64.ActiveCfg = Debug|Any CPU
		{B96740DB-CADA-4695-9C3B-C1E86C0AA318}.Debug|x64.Build.0 = Debug|Any CPU
		{B96740DB-CADA-4695-9C3B-C1E86C0AA318}.Debug|x86.ActiveCfg = Debug|Any CPU
		{B96740DB-CADA-4695-9C3B-C1E86C0AA318}.Debug|x86.Build.0 = Debug|Any CPU
		{B96740DB-CADA-4695-9C3B-C1E86C0AA318}.DefaultBuild|Any CPU.ActiveCfg = Debug|Any CPU
		{B96740DB-CADA-4695-9C3B-C1E86C0AA318}.DefaultBuild|Any CPU.Build.0 = Debug|Any CPU
		{B96740DB-CADA-4695-9C3B-C1E86C0AA318}.DefaultBuild|ARM.ActiveCfg = Debug|Any CPU
		{B96740DB-CADA-4695-9C3B-C1E86C0AA318}.DefaultBuild|ARM.Build.0 = Debug|Any CPU
		{B96740DB-CADA-4695-9C3B-C1E86C0AA318}.DefaultBuild|ARM64.ActiveCfg = Debug|Any CPU
		{B96740DB-CADA-4695-9C3B-C1E86C0AA318}.DefaultBuild|ARM64.Build.0 = Debug|Any CPU
		{B96740DB-CADA-4695-9C3B-C1E86C0AA318}.DefaultBuild|x64.ActiveCfg = Debug|x64
		{B96740DB-CADA-4695-9C3B-C1E86C0AA318}.DefaultBuild|x64.Build.0 = Debug|x64
		{B96740DB-CADA-4695-9C3B-C1E86C0AA318}.DefaultBuild|x86.ActiveCfg = Debug|x86
		{B96740DB-CADA-4695-9C3B-C1E86C0AA318}.DefaultBuild|x86.Build.0 = Debug|x86
		{B96740DB-CADA-4695-9C3B-C1E86C0AA318}.Release|Any CPU.ActiveCfg = Release|Any CPU
		{B96740DB-CADA-4695-9C3B-C1E86C0AA318}.Release|Any CPU.Build.0 = Release|Any CPU
		{B96740DB-CADA-4695-9C3B-C1E86C0AA318}.Release|ARM.ActiveCfg = Release|Any CPU
		{B96740DB-CADA-4695-9C3B-C1E86C0AA318}.Release|ARM.Build.0 = Release|Any CPU
		{B96740DB-CADA-4695-9C3B-C1E86C0AA318}.Release|ARM64.ActiveCfg = Release|Any CPU
		{B96740DB-CADA-4695-9C3B-C1E86C0AA318}.Release|ARM64.Build.0 = Release|Any CPU
		{B96740DB-CADA-4695-9C3B-C1E86C0AA318}.Release|x64.ActiveCfg = Release|x64
		{B96740DB-CADA-4695-9C3B-C1E86C0AA318}.Release|x64.Build.0 = Release|x64
		{B96740DB-CADA-4695-9C3B-C1E86C0AA318}.Release|x86.ActiveCfg = Release|x86
		{B96740DB-CADA-4695-9C3B-C1E86C0AA318}.Release|x86.Build.0 = Release|x86
		{AA128DEE-D3D0-446D-8F91-7EE3B08DE90B}.All|Any CPU.ActiveCfg = Debug|Any CPU
		{AA128DEE-D3D0-446D-8F91-7EE3B08DE90B}.All|Any CPU.Build.0 = Debug|Any CPU
		{AA128DEE-D3D0-446D-8F91-7EE3B08DE90B}.All|ARM.ActiveCfg = Debug|Any CPU
		{AA128DEE-D3D0-446D-8F91-7EE3B08DE90B}.All|ARM.Build.0 = Debug|Any CPU
		{AA128DEE-D3D0-446D-8F91-7EE3B08DE90B}.All|ARM64.ActiveCfg = Debug|Any CPU
		{AA128DEE-D3D0-446D-8F91-7EE3B08DE90B}.All|ARM64.Build.0 = Debug|Any CPU
		{AA128DEE-D3D0-446D-8F91-7EE3B08DE90B}.All|x64.ActiveCfg = Debug|Any CPU
		{AA128DEE-D3D0-446D-8F91-7EE3B08DE90B}.All|x64.Build.0 = Debug|Any CPU
		{AA128DEE-D3D0-446D-8F91-7EE3B08DE90B}.All|x86.ActiveCfg = Debug|Any CPU
		{AA128DEE-D3D0-446D-8F91-7EE3B08DE90B}.All|x86.Build.0 = Debug|Any CPU
		{AA128DEE-D3D0-446D-8F91-7EE3B08DE90B}.Debug|Any CPU.ActiveCfg = Debug|Any CPU
		{AA128DEE-D3D0-446D-8F91-7EE3B08DE90B}.Debug|Any CPU.Build.0 = Debug|Any CPU
		{AA128DEE-D3D0-446D-8F91-7EE3B08DE90B}.Debug|ARM.ActiveCfg = Debug|Any CPU
		{AA128DEE-D3D0-446D-8F91-7EE3B08DE90B}.Debug|ARM.Build.0 = Debug|Any CPU
		{AA128DEE-D3D0-446D-8F91-7EE3B08DE90B}.Debug|ARM64.ActiveCfg = Debug|Any CPU
		{AA128DEE-D3D0-446D-8F91-7EE3B08DE90B}.Debug|ARM64.Build.0 = Debug|Any CPU
		{AA128DEE-D3D0-446D-8F91-7EE3B08DE90B}.Debug|x64.ActiveCfg = Debug|Any CPU
		{AA128DEE-D3D0-446D-8F91-7EE3B08DE90B}.Debug|x64.Build.0 = Debug|Any CPU
		{AA128DEE-D3D0-446D-8F91-7EE3B08DE90B}.Debug|x86.ActiveCfg = Debug|Any CPU
		{AA128DEE-D3D0-446D-8F91-7EE3B08DE90B}.Debug|x86.Build.0 = Debug|Any CPU
		{AA128DEE-D3D0-446D-8F91-7EE3B08DE90B}.DefaultBuild|Any CPU.ActiveCfg = Debug|Any CPU
		{AA128DEE-D3D0-446D-8F91-7EE3B08DE90B}.DefaultBuild|Any CPU.Build.0 = Debug|Any CPU
		{AA128DEE-D3D0-446D-8F91-7EE3B08DE90B}.DefaultBuild|ARM.ActiveCfg = Debug|Any CPU
		{AA128DEE-D3D0-446D-8F91-7EE3B08DE90B}.DefaultBuild|ARM.Build.0 = Debug|Any CPU
		{AA128DEE-D3D0-446D-8F91-7EE3B08DE90B}.DefaultBuild|ARM64.ActiveCfg = Debug|Any CPU
		{AA128DEE-D3D0-446D-8F91-7EE3B08DE90B}.DefaultBuild|ARM64.Build.0 = Debug|Any CPU
		{AA128DEE-D3D0-446D-8F91-7EE3B08DE90B}.DefaultBuild|x64.ActiveCfg = Debug|Any CPU
		{AA128DEE-D3D0-446D-8F91-7EE3B08DE90B}.DefaultBuild|x64.Build.0 = Debug|Any CPU
		{AA128DEE-D3D0-446D-8F91-7EE3B08DE90B}.DefaultBuild|x86.ActiveCfg = Debug|Any CPU
		{AA128DEE-D3D0-446D-8F91-7EE3B08DE90B}.DefaultBuild|x86.Build.0 = Debug|Any CPU
		{AA128DEE-D3D0-446D-8F91-7EE3B08DE90B}.Release|Any CPU.ActiveCfg = Release|Any CPU
		{AA128DEE-D3D0-446D-8F91-7EE3B08DE90B}.Release|Any CPU.Build.0 = Release|Any CPU
		{AA128DEE-D3D0-446D-8F91-7EE3B08DE90B}.Release|ARM.ActiveCfg = Release|Any CPU
		{AA128DEE-D3D0-446D-8F91-7EE3B08DE90B}.Release|ARM.Build.0 = Release|Any CPU
		{AA128DEE-D3D0-446D-8F91-7EE3B08DE90B}.Release|ARM64.ActiveCfg = Release|Any CPU
		{AA128DEE-D3D0-446D-8F91-7EE3B08DE90B}.Release|ARM64.Build.0 = Release|Any CPU
		{AA128DEE-D3D0-446D-8F91-7EE3B08DE90B}.Release|x64.ActiveCfg = Release|Any CPU
		{AA128DEE-D3D0-446D-8F91-7EE3B08DE90B}.Release|x64.Build.0 = Release|Any CPU
		{AA128DEE-D3D0-446D-8F91-7EE3B08DE90B}.Release|x86.ActiveCfg = Release|Any CPU
		{AA128DEE-D3D0-446D-8F91-7EE3B08DE90B}.Release|x86.Build.0 = Release|Any CPU
		{F03B4C06-FC0D-4426-AFAE-7BFD3495F654}.All|Any CPU.ActiveCfg = Debug|Any CPU
		{F03B4C06-FC0D-4426-AFAE-7BFD3495F654}.All|Any CPU.Build.0 = Debug|Any CPU
		{F03B4C06-FC0D-4426-AFAE-7BFD3495F654}.All|ARM.ActiveCfg = Debug|Any CPU
		{F03B4C06-FC0D-4426-AFAE-7BFD3495F654}.All|ARM.Build.0 = Debug|Any CPU
		{F03B4C06-FC0D-4426-AFAE-7BFD3495F654}.All|ARM64.ActiveCfg = Debug|Any CPU
		{F03B4C06-FC0D-4426-AFAE-7BFD3495F654}.All|ARM64.Build.0 = Debug|Any CPU
		{F03B4C06-FC0D-4426-AFAE-7BFD3495F654}.All|x64.ActiveCfg = Debug|Any CPU
		{F03B4C06-FC0D-4426-AFAE-7BFD3495F654}.All|x64.Build.0 = Debug|Any CPU
		{F03B4C06-FC0D-4426-AFAE-7BFD3495F654}.All|x86.ActiveCfg = Debug|Any CPU
		{F03B4C06-FC0D-4426-AFAE-7BFD3495F654}.All|x86.Build.0 = Debug|Any CPU
		{F03B4C06-FC0D-4426-AFAE-7BFD3495F654}.Debug|Any CPU.ActiveCfg = Debug|Any CPU
		{F03B4C06-FC0D-4426-AFAE-7BFD3495F654}.Debug|Any CPU.Build.0 = Debug|Any CPU
		{F03B4C06-FC0D-4426-AFAE-7BFD3495F654}.Debug|ARM.ActiveCfg = Debug|Any CPU
		{F03B4C06-FC0D-4426-AFAE-7BFD3495F654}.Debug|ARM.Build.0 = Debug|Any CPU
		{F03B4C06-FC0D-4426-AFAE-7BFD3495F654}.Debug|ARM64.ActiveCfg = Debug|Any CPU
		{F03B4C06-FC0D-4426-AFAE-7BFD3495F654}.Debug|ARM64.Build.0 = Debug|Any CPU
		{F03B4C06-FC0D-4426-AFAE-7BFD3495F654}.Debug|x64.ActiveCfg = Debug|Any CPU
		{F03B4C06-FC0D-4426-AFAE-7BFD3495F654}.Debug|x64.Build.0 = Debug|Any CPU
		{F03B4C06-FC0D-4426-AFAE-7BFD3495F654}.Debug|x86.ActiveCfg = Debug|Any CPU
		{F03B4C06-FC0D-4426-AFAE-7BFD3495F654}.Debug|x86.Build.0 = Debug|Any CPU
		{F03B4C06-FC0D-4426-AFAE-7BFD3495F654}.DefaultBuild|Any CPU.ActiveCfg = Debug|Any CPU
		{F03B4C06-FC0D-4426-AFAE-7BFD3495F654}.DefaultBuild|Any CPU.Build.0 = Debug|Any CPU
		{F03B4C06-FC0D-4426-AFAE-7BFD3495F654}.DefaultBuild|ARM.ActiveCfg = Debug|Any CPU
		{F03B4C06-FC0D-4426-AFAE-7BFD3495F654}.DefaultBuild|ARM.Build.0 = Debug|Any CPU
		{F03B4C06-FC0D-4426-AFAE-7BFD3495F654}.DefaultBuild|ARM64.ActiveCfg = Debug|Any CPU
		{F03B4C06-FC0D-4426-AFAE-7BFD3495F654}.DefaultBuild|ARM64.Build.0 = Debug|Any CPU
		{F03B4C06-FC0D-4426-AFAE-7BFD3495F654}.DefaultBuild|x64.ActiveCfg = Debug|Any CPU
		{F03B4C06-FC0D-4426-AFAE-7BFD3495F654}.DefaultBuild|x64.Build.0 = Debug|Any CPU
		{F03B4C06-FC0D-4426-AFAE-7BFD3495F654}.DefaultBuild|x86.ActiveCfg = Debug|Any CPU
		{F03B4C06-FC0D-4426-AFAE-7BFD3495F654}.DefaultBuild|x86.Build.0 = Debug|Any CPU
		{F03B4C06-FC0D-4426-AFAE-7BFD3495F654}.Release|Any CPU.ActiveCfg = Release|Any CPU
		{F03B4C06-FC0D-4426-AFAE-7BFD3495F654}.Release|Any CPU.Build.0 = Release|Any CPU
		{F03B4C06-FC0D-4426-AFAE-7BFD3495F654}.Release|ARM.ActiveCfg = Release|Any CPU
		{F03B4C06-FC0D-4426-AFAE-7BFD3495F654}.Release|ARM.Build.0 = Release|Any CPU
		{F03B4C06-FC0D-4426-AFAE-7BFD3495F654}.Release|ARM64.ActiveCfg = Release|Any CPU
		{F03B4C06-FC0D-4426-AFAE-7BFD3495F654}.Release|ARM64.Build.0 = Release|Any CPU
		{F03B4C06-FC0D-4426-AFAE-7BFD3495F654}.Release|x64.ActiveCfg = Release|Any CPU
		{F03B4C06-FC0D-4426-AFAE-7BFD3495F654}.Release|x64.Build.0 = Release|Any CPU
		{F03B4C06-FC0D-4426-AFAE-7BFD3495F654}.Release|x86.ActiveCfg = Release|Any CPU
		{F03B4C06-FC0D-4426-AFAE-7BFD3495F654}.Release|x86.Build.0 = Release|Any CPU
	EndGlobalSection
	GlobalSection(SolutionProperties) = preSolution
		HideSolutionNode = FALSE
	EndGlobalSection
	GlobalSection(ExtensibilityGlobals) = postSolution
		SolutionGuid = {D738336A-3B04-498D-9CD2-4FB3DC22649C}
	EndGlobalSection
EndGlobal
